
Microsoft Visual Studio Solution File, Format Version 12.00
# Visual Studio Version 16
VisualStudioVersion = 16.0.29519.87
MinimumVisualStudioVersion = 10.0.40219.1
Project("{FAE04EC0-301F-11D3-BF4B-00C04F79EFBC}") = "ClaasRoom", "ClaasRoom\ClaasRoom.csproj", "{845DEA81-7AA7-4D0A-8648-0966C22A1857}"
EndProject
Global
	GlobalSection(SolutionConfigurationPlatforms) = preSolution
		Debug|Any CPU = Debug|Any CPU
		Release|Any CPU = Release|Any CPU
	EndGlobalSection
	GlobalSection(ProjectConfigurationPlatforms) = postSolution
		{845DEA81-7AA7-4D0A-8648-0966C22A1857}.Debug|Any CPU.ActiveCfg = Debug|Any CPU
		{845DEA81-7AA7-4D0A-8648-0966C22A1857}.Debug|Any CPU.Build.0 = Debug|Any CPU
		{845DEA81-7AA7-4D0A-8648-0966C22A1857}.Release|Any CPU.ActiveCfg = Release|Any CPU
		{845DEA81-7AA7-4D0A-8648-0966C22A1857}.Release|Any CPU.Build.0 = Release|Any CPU
	EndGlobalSection
	GlobalSection(SolutionProperties) = preSolution
		HideSolutionNode = FALSE
	EndGlobalSection
	GlobalSection(ExtensibilityGlobals) = postSolution
		SolutionGuid = {8EC8F2C5-2F05-44A0-BBB6-F0C96909AE30}
	EndGlobalSection
EndGlobal
